# THIS IS AN AUTOGENERATED FILE. DO NOT EDIT THIS FILE DIRECTLY.
# yarn lockfile v1


"@uirouter/core@5.0.21":
  version "5.0.21"
  resolved "https://registry.yarnpkg.com/@uirouter/core/-/core-5.0.21.tgz#b6c4c311e9416a1e8ce76b072e042a60224d1b3a"
  integrity sha512-QWHc0wT00qtYNkT0BXZaFNLLHZyux0qJjF8c2WklW5/Q0Z866NoJjJErEMWjQb/AR+olkR2NlfEEi8KTQU2OpA==

angular-bootstrap@^0.12.2:
  version "0.12.2"
  resolved "https://registry.yarnpkg.com/angular-bootstrap/-/angular-bootstrap-0.12.2.tgz#de9900a7db087a7e9da47304a9c2f77f9c069827"
  integrity sha1-3pkAp9sIen6dpHMEqcL3f5wGmCc=

angular-pageslide-directive@^2.2.0:
  version "2.2.0"
  resolved "https://registry.yarnpkg.com/angular-pageslide-directive/-/angular-pageslide-directive-2.2.0.tgz#e78a46240d41e2227a6e196ccd9ff29fb45b677e"
  integrity sha512-/DnqC3lgc1aCtGSNfu+fK5qQ40eVN+dsq+9TmKQffS7ZISe0LEq6Vj/DhnE1kOzR3pXhWjXKEyJOS1gGZpG+1g==

angular-sweetalert@^1.1.2:
  version "1.1.2"
  resolved "https://registry.yarnpkg.com/angular-sweetalert/-/angular-sweetalert-1.1.2.tgz#b5090c4e1fa486d9b61b9ea799d5b707bb04422f"
  integrity sha1-tQkMTh+khtm2G56nmdW3B7sEQi8=
  dependencies:
    angular "^1.3.14"
    sweetalert "^0.4.2"

angular-ui-router@^1.0.20:
  version "1.0.20"
  resolved "https://registry.yarnpkg.com/angular-ui-router/-/angular-ui-router-1.0.20.tgz#86dbaaa3368df0c319f3328f4ace616a246cf394"
  integrity sha512-D9Y+qOq6StinrlyeiHp7wbOBL5UbwaHW1dgpfQZ6fWuQ5Q5UOrJfe3S28XWDt8ybOKaUh2ds/IFXib5vCu8Opg==
  dependencies:
    "@uirouter/core" "5.0.21"

angular@^1.3.14, angular@^1.7.5:
  version "1.7.5"
  resolved "https://registry.yarnpkg.com/angular/-/angular-1.7.5.tgz#d1c1c01c6f5dc835638f3f9aa51012857bdac49e"
  integrity sha512-760183yxtGzni740IBTieNuWLtPNAoMqvmC0Z62UoU0I3nqk+VJuO3JbQAXOyvo3Oy/ZsdNQwrSTh/B0OQZjNw==

"bootstrap-extra@https://github.com/slinkybass/bootstrap-extra":
  version "0.0.0"
  resolved "https://github.com/slinkybass/bootstrap-extra#e9b4a35f061520a9faa17eddda4d28ec4e18a267"

bootstrap@3.*:
  version "3.3.7"
  resolved "https://registry.yarnpkg.com/bootstrap/-/bootstrap-3.3.7.tgz#5a389394549f23330875a3b150656574f8a9eb71"
  integrity sha1-WjiTlFSfIzMIdaOxUGVldPip63E=

font-awesome@^4.7.0:
  version "4.7.0"
  resolved "https://registry.yarnpkg.com/font-awesome/-/font-awesome-4.7.0.tgz#8fa8cf0411a1a31afd07b06d2902bb9fc815a133"
  integrity sha1-j6jPBBGhoxr9B7BtKQK7n8gVoTM=

ng-dialog@^1.4.0:
  version "1.4.0"
  resolved "https://registry.yarnpkg.com/ng-dialog/-/ng-dialog-1.4.0.tgz#3f81330e7caac614e99fbceb76f304bf820c413e"
  integrity sha1-P4EzDnyqxhTpn7zrdvMEv4IMQT4=

satellizer@^0.15.5:
  version "0.15.5"
  resolved "https://registry.yarnpkg.com/satellizer/-/satellizer-0.15.5.tgz#43c93d2d361c4b6b6cf9d06d23b8881302b557a4"
  integrity sha1-Q8k9LTYcS2ts+dBtI7iIEwK1V6Q=

sweetalert@^0.4.2:
  version "0.4.2"
  resolved "https://registry.yarnpkg.com/sweetalert/-/sweetalert-0.4.2.tgz#fc09ef88948d0f25e4f1232a22149f09e703753e"
  integrity sha1-/AnviJSNDyXk8SMqIhSfCecDdT4=
